
Microsoft Visual Studio Solution File, Format Version 12.00
# Visual Studio Version 17
VisualStudioVersion = 17.4.33122.133
MinimumVisualStudioVersion = 10.0.40219.1
Project("{9A19103F-16F7-4668-BE54-9A1E7A4F7556}") = "WebAPI", "WebAPI\WebAPI.csproj", "{9D831AD7-5B0B-4D0E-B56B-A1C777701B4B}"
EndProject
Project("{9A19103F-16F7-4668-BE54-9A1E7A4F7556}") = "DataAccessLayer", "DataAccessLayer\DataAccessLayer.csproj", "{E3371A2E-215B-48C0-BEEC-CB33DF8A949F}"
EndProject
Project("{9A19103F-16F7-4668-BE54-9A1E7A4F7556}") = "PrioritizationModel", "PrioritizationModel\PrioritizationModel.csproj", "{42CEE861-2E49-493D-BBAD-B4E8FAB248AD}"
EndProject
Project("{9A19103F-16F7-4668-BE54-9A1E7A4F7556}") = "TestDataAccess", "TestDataAccess\TestDataAccess.csproj", "{907F9AB1-CD44-4CFE-A5BC-BB73A54D44E4}"
EndProject
Project("{9A19103F-16F7-4668-BE54-9A1E7A4F7556}") = "TestPrioritizationModel", "TestPrioritizationModel\TestPrioritizationModel.csproj", "{AA655EB8-B012-4580-932E-6D1E355929CD}"
EndProject
Project("{FAE04EC0-301F-11D3-BF4B-00C04F79EFBC}") = "PrioritizationService.DTOs", "PrioritizationService.DTOs\PrioritizationService.DTOs.csproj", "{E25D6360-3E67-45C9-9A38-49A69B35FA11}"
EndProject
Global
	GlobalSection(SolutionConfigurationPlatforms) = preSolution
		Debug|Any CPU = Debug|Any CPU
		Release|Any CPU = Release|Any CPU
	EndGlobalSection
	GlobalSection(ProjectConfigurationPlatforms) = postSolution
		{9D831AD7-5B0B-4D0E-B56B-A1C777701B4B}.Debug|Any CPU.ActiveCfg = Debug|Any CPU
		{9D831AD7-5B0B-4D0E-B56B-A1C777701B4B}.Debug|Any CPU.Build.0 = Debug|Any CPU
		{9D831AD7-5B0B-4D0E-B56B-A1C777701B4B}.Release|Any CPU.ActiveCfg = Release|Any CPU
		{9D831AD7-5B0B-4D0E-B56B-A1C777701B4B}.Release|Any CPU.Build.0 = Release|Any CPU
		{E3371A2E-215B-48C0-BEEC-CB33DF8A949F}.Debug|Any CPU.ActiveCfg = Debug|Any CPU
		{E3371A2E-215B-48C0-BEEC-CB33DF8A949F}.Debug|Any CPU.Build.0 = Debug|Any CPU
		{E3371A2E-215B-48C0-BEEC-CB33DF8A949F}.Release|Any CPU.ActiveCfg = Release|Any CPU
		{E3371A2E-215B-48C0-BEEC-CB33DF8A949F}.Release|Any CPU.Build.0 = Release|Any CPU
		{42CEE861-2E49-493D-BBAD-B4E8FAB248AD}.Debug|Any CPU.ActiveCfg = Debug|Any CPU
		{42CEE861-2E49-493D-BBAD-B4E8FAB248AD}.Debug|Any CPU.Build.0 = Debug|Any CPU
		{42CEE861-2E49-493D-BBAD-B4E8FAB248AD}.Release|Any CPU.ActiveCfg = Release|Any CPU
		{42CEE861-2E49-493D-BBAD-B4E8FAB248AD}.Release|Any CPU.Build.0 = Release|Any CPU
		{907F9AB1-CD44-4CFE-A5BC-BB73A54D44E4}.Debug|Any CPU.ActiveCfg = Debug|Any CPU
		{907F9AB1-CD44-4CFE-A5BC-BB73A54D44E4}.Debug|Any CPU.Build.0 = Debug|Any CPU
		{907F9AB1-CD44-4CFE-A5BC-BB73A54D44E4}.Release|Any CPU.ActiveCfg = Release|Any CPU
		{907F9AB1-CD44-4CFE-A5BC-BB73A54D44E4}.Release|Any CPU.Build.0 = Release|Any CPU
		{AA655EB8-B012-4580-932E-6D1E355929CD}.Debug|Any CPU.ActiveCfg = Debug|Any CPU
		{AA655EB8-B012-4580-932E-6D1E355929CD}.Debug|Any CPU.Build.0 = Debug|Any CPU
		{AA655EB8-B012-4580-932E-6D1E355929CD}.Release|Any CPU.ActiveCfg = Release|Any CPU
		{AA655EB8-B012-4580-932E-6D1E355929CD}.Release|Any CPU.Build.0 = Release|Any CPU
		{E25D6360-3E67-45C9-9A38-49A69B35FA11}.Debug|Any CPU.ActiveCfg = Debug|Any CPU
		{E25D6360-3E67-45C9-9A38-49A69B35FA11}.Debug|Any CPU.Build.0 = Debug|Any CPU
		{E25D6360-3E67-45C9-9A38-49A69B35FA11}.Release|Any CPU.ActiveCfg = Release|Any CPU
		{E25D6360-3E67-45C9-9A38-49A69B35FA11}.Release|Any CPU.Build.0 = Release|Any CPU
	EndGlobalSection
	GlobalSection(SolutionProperties) = preSolution
		HideSolutionNode = FALSE
	EndGlobalSection
	GlobalSection(ExtensibilityGlobals) = postSolution
		SolutionGuid = {78B27B6A-D0AD-4F56-93A5-32C31DEA08E7}
	EndGlobalSection
EndGlobal
